// !$*UTF8*$!
{
	archiveVersion = 1;
	classes = {
	};
	objectVersion = 46;
	objects = {

/* Begin PBXBuildFile section */
		5413827D1B86E07600478FE6 /* main.m in Sources */ = {isa = PBXBuildFile; fileRef = 5413827C1B86E07600478FE6 /* main.m */; };
		541382801B86E07600478FE6 /* AppDelegate.m in Sources */ = {isa = PBXBuildFile; fileRef = 5413827F1B86E07600478FE6 /* AppDelegate.m */; };
		541382831B86E07600478FE6 /* ViewController.m in Sources */ = {isa = PBXBuildFile; fileRef = 541382821B86E07600478FE6 /* ViewController.m */; };
		541382881B86E07600478FE6 /* Images.xcassets in Resources */ = {isa = PBXBuildFile; fileRef = 541382871B86E07600478FE6 /* Images.xcassets */; };
		541382971B86E07600478FE6 /* cutImageIOSTests.m in Sources */ = {isa = PBXBuildFile; fileRef = 541382961B86E07600478FE6 /* cutImageIOSTests.m */; };
		541382A41B870A4D00478FE6 /* UIKit.framework in Frameworks */ = {isa = PBXBuildFile; fileRef = 541382A21B870A2D00478FE6 /* UIKit.framework */; };
		54318C751B9D7AF400A16E21 /* CloverGrabCut.cpp in Sources */ = {isa = PBXBuildFile; fileRef = 54318C731B9D7AF400A16E21 /* CloverGrabCut.cpp */; };
		54318C781BA019FB00A16E21 /* RotateCutImageViewController.m in Sources */ = {isa = PBXBuildFile; fileRef = 54318C771BA019FB00A16E21 /* RotateCutImageViewController.m */; };
		545346721B8D5ADC00F86C35 /* UIImage+IF.m in Sources */ = {isa = PBXBuildFile; fileRef = 545346711B8D5ADC00F86C35 /* UIImage+IF.m */; };
		5467C2641B96EBA300B0FB6F /* CoreMotion.framework in Frameworks */ = {isa = PBXBuildFile; fileRef = 5467C2621B96EB9000B0FB6F /* CoreMotion.framework */; };
		54D816D91B8B18F40002061D /* CutoutImage.cpp in Sources */ = {isa = PBXBuildFile; fileRef = 54D816D71B8B18F40002061D /* CutoutImage.cpp */; };
		54D816DC1B8B220E0002061D /* Foundation.framework in Frameworks */ = {isa = PBXBuildFile; fileRef = 54D816DA1B8B22010002061D /* Foundation.framework */; };
		54D816DF1B8B254E0002061D /* Bridge2OpenCV.mm in Sources */ = {isa = PBXBuildFile; fileRef = 54D816DE1B8B254E0002061D /* Bridge2OpenCV.mm */; };
		54D816E41B8B28C10002061D /* opencv2.framework in Frameworks */ = {isa = PBXBuildFile; fileRef = 54D816E31B8B28C10002061D /* opencv2.framework */; };
		54D816E51B8B2DF00002061D /* Main.storyboard in Resources */ = {isa = PBXBuildFile; fileRef = 541382841B86E07600478FE6 /* Main.storyboard */; };
		54D816E61B8B2DF00002061D /* LaunchScreen.xib in Resources */ = {isa = PBXBuildFile; fileRef = 541382891B86E07600478FE6 /* LaunchScreen.xib */; };
		54D816EC1B8C777C0002061D /* CutoutImagePacking.cpp in Sources */ = {isa = PBXBuildFile; fileRef = 54D816EA1B8C777C0002061D /* CutoutImagePacking.cpp */; };
		54EF67491B947641007E7A3C /* DrawViewModel.m in Sources */ = {isa = PBXBuildFile; fileRef = 54EF67481B947641007E7A3C /* DrawViewModel.m */; };
		54EF674C1B947723007E7A3C /* DrawView.m in Sources */ = {isa = PBXBuildFile; fileRef = 54EF674B1B947723007E7A3C /* DrawView.m */; };
		54EF67551B95861F007E7A3C /* ImageEditView.m in Sources */ = {isa = PBXBuildFile; fileRef = 54EF67541B95861F007E7A3C /* ImageEditView.m */; };
/* End PBXBuildFile section */

/* Begin PBXContainerItemProxy section */
		541382911B86E07600478FE6 /* PBXContainerItemProxy */ = {
			isa = PBXContainerItemProxy;
			containerPortal = 5413826F1B86E07600478FE6 /* Project object */;
			proxyType = 1;
			remoteGlobalIDString = 541382761B86E07600478FE6;
			remoteInfo = cutImageIOS;
		};
/* End PBXContainerItemProxy section */

/* Begin PBXCopyFilesBuildPhase section */
		54D816E21B8B257D0002061D /* Embed Frameworks */ = {
			isa = PBXCopyFilesBuildPhase;
			buildActionMask = 2147483647;
			dstPath = "";
			dstSubfolderSpec = 10;
			files = (
			);
			name = "Embed Frameworks";
			runOnlyForDeploymentPostprocessing = 0;
		};
/* End PBXCopyFilesBuildPhase section */

/* Begin PBXFileReference section */
		541382771B86E07600478FE6 /* cutImageIOS.app */ = {isa = PBXFileReference; explicitFileType = wrapper.application; includeInIndex = 0; path = cutImageIOS.app; sourceTree = BUILT_PRODUCTS_DIR; };
		5413827B1B86E07600478FE6 /* Info.plist */ = {isa = PBXFileReference; lastKnownFileType = text.plist.xml; path = Info.plist; sourceTree = "<group>"; };
		5413827C1B86E07600478FE6 /* main.m */ = {isa = PBXFileReference; lastKnownFileType = sourcecode.c.objc; path = main.m; sourceTree = "<group>"; };
		5413827E1B86E07600478FE6 /* AppDelegate.h */ = {isa = PBXFileReference; lastKnownFileType = sourcecode.c.h; path = AppDelegate.h; sourceTree = "<group>"; };
		5413827F1B86E07600478FE6 /* AppDelegate.m */ = {isa = PBXFileReference; lastKnownFileType = sourcecode.c.objc; path = AppDelegate.m; sourceTree = "<group>"; };
		541382811B86E07600478FE6 /* ViewController.h */ = {isa = PBXFileReference; lastKnownFileType = sourcecode.c.h; path = ViewController.h; sourceTree = "<group>"; };
		541382821B86E07600478FE6 /* ViewController.m */ = {isa = PBXFileReference; lastKnownFileType = sourcecode.c.objc; path = ViewController.m; sourceTree = "<group>"; };
		541382851B86E07600478FE6 /* Base */ = {isa = PBXFileReference; lastKnownFileType = file.storyboard; name = Base; path = Base.lproj/Main.storyboard; sourceTree = "<group>"; };
		541382871B86E07600478FE6 /* Images.xcassets */ = {isa = PBXFileReference; lastKnownFileType = folder.assetcatalog; path = Images.xcassets; sourceTree = "<group>"; };
		5413828A1B86E07600478FE6 /* Base */ = {isa = PBXFileReference; lastKnownFileType = file.xib; name = Base; path = Base.lproj/LaunchScreen.xib; sourceTree = "<group>"; };
		541382901B86E07600478FE6 /* cutImageIOSTests.xctest */ = {isa = PBXFileReference; explicitFileType = wrapper.cfbundle; includeInIndex = 0; path = cutImageIOSTests.xctest; sourceTree = BUILT_PRODUCTS_DIR; };
		541382951B86E07600478FE6 /* Info.plist */ = {isa = PBXFileReference; lastKnownFileType = text.plist.xml; path = Info.plist; sourceTree = "<group>"; };
		541382961B86E07600478FE6 /* cutImageIOSTests.m */ = {isa = PBXFileReference; lastKnownFileType = sourcecode.c.objc; path = cutImageIOSTests.m; sourceTree = "<group>"; };
		541382A21B870A2D00478FE6 /* UIKit.framework */ = {isa = PBXFileReference; lastKnownFileType = wrapper.framework; name = UIKit.framework; path = System/Library/Frameworks/UIKit.framework; sourceTree = SDKROOT; };
		54318C731B9D7AF400A16E21 /* CloverGrabCut.cpp */ = {isa = PBXFileReference; fileEncoding = 4; lastKnownFileType = sourcecode.cpp.cpp; path = CloverGrabCut.cpp; sourceTree = "<group>"; };
		54318C741B9D7AF400A16E21 /* CloverGrabCut.h */ = {isa = PBXFileReference; fileEncoding = 4; lastKnownFileType = sourcecode.c.h; path = CloverGrabCut.h; sourceTree = "<group>"; };
		54318C761BA019FB00A16E21 /* RotateCutImageViewController.h */ = {isa = PBXFileReference; fileEncoding = 4; lastKnownFileType = sourcecode.c.h; path = RotateCutImageViewController.h; sourceTree = "<group>"; };
		54318C771BA019FB00A16E21 /* RotateCutImageViewController.m */ = {isa = PBXFileReference; fileEncoding = 4; lastKnownFileType = sourcecode.c.objc; path = RotateCutImageViewController.m; sourceTree = "<group>"; };
		545346701B8D5ADC00F86C35 /* UIImage+IF.h */ = {isa = PBXFileReference; fileEncoding = 4; lastKnownFileType = sourcecode.c.h; name = "UIImage+IF.h"; path = "../UIImage+IF.h"; sourceTree = "<group>"; };
		545346711B8D5ADC00F86C35 /* UIImage+IF.m */ = {isa = PBXFileReference; fileEncoding = 4; lastKnownFileType = sourcecode.c.objc; name = "UIImage+IF.m"; path = "../UIImage+IF.m"; sourceTree = "<group>"; };
		5467C2621B96EB9000B0FB6F /* CoreMotion.framework */ = {isa = PBXFileReference; lastKnownFileType = wrapper.framework; name = CoreMotion.framework; path = System/Library/Frameworks/CoreMotion.framework; sourceTree = SDKROOT; };
		54D816D71B8B18F40002061D /* CutoutImage.cpp */ = {isa = PBXFileReference; fileEncoding = 4; lastKnownFileType = sourcecode.cpp.cpp; path = CutoutImage.cpp; sourceTree = "<group>"; };
		54D816D81B8B18F40002061D /* CutoutImage.h */ = {isa = PBXFileReference; fileEncoding = 4; lastKnownFileType = sourcecode.c.h; path = CutoutImage.h; sourceTree = "<group>"; };
		54D816DA1B8B22010002061D /* Foundation.framework */ = {isa = PBXFileReference; lastKnownFileType = wrapper.framework; name = Foundation.framework; path = System/Library/Frameworks/Foundation.framework; sourceTree = SDKROOT; };
		54D816DD1B8B254E0002061D /* Bridge2OpenCV.h */ = {isa = PBXFileReference; fileEncoding = 4; lastKnownFileType = sourcecode.c.h; name = Bridge2OpenCV.h; path = cutImageIOS/Bridge2OpenCV.h; sourceTree = "<group>"; };
		54D816DE1B8B254E0002061D /* Bridge2OpenCV.mm */ = {isa = PBXFileReference; fileEncoding = 4; lastKnownFileType = sourcecode.cpp.objcpp; name = Bridge2OpenCV.mm; path = cutImageIOS/Bridge2OpenCV.mm; sourceTree = "<group>"; };
		54D816E31B8B28C10002061D /* opencv2.framework */ = {isa = PBXFileReference; lastKnownFileType = wrapper.framework; path = opencv2.framework; sourceTree = "<group>"; };
		54D816EA1B8C777C0002061D /* CutoutImagePacking.cpp */ = {isa = PBXFileReference; fileEncoding = 4; lastKnownFileType = sourcecode.cpp.cpp; path = CutoutImagePacking.cpp; sourceTree = "<group>"; };
		54D816EB1B8C777C0002061D /* CutoutImagePacking.h */ = {isa = PBXFileReference; fileEncoding = 4; lastKnownFileType = sourcecode.c.h; path = CutoutImagePacking.h; sourceTree = "<group>"; };
		54EF67471B947641007E7A3C /* DrawViewModel.h */ = {isa = PBXFileReference; fileEncoding = 4; lastKnownFileType = sourcecode.c.h; path = DrawViewModel.h; sourceTree = "<group>"; };
		54EF67481B947641007E7A3C /* DrawViewModel.m */ = {isa = PBXFileReference; fileEncoding = 4; lastKnownFileType = sourcecode.c.objc; path = DrawViewModel.m; sourceTree = "<group>"; };
		54EF674A1B947723007E7A3C /* DrawView.h */ = {isa = PBXFileReference; fileEncoding = 4; lastKnownFileType = sourcecode.c.h; path = DrawView.h; sourceTree = "<group>"; };
		54EF674B1B947723007E7A3C /* DrawView.m */ = {isa = PBXFileReference; fileEncoding = 4; lastKnownFileType = sourcecode.c.objc; path = DrawView.m; sourceTree = "<group>"; };
		54EF67531B95861F007E7A3C /* ImageEditView.h */ = {isa = PBXFileReference; fileEncoding = 4; lastKnownFileType = sourcecode.c.h; path = ImageEditView.h; sourceTree = "<group>"; };
		54EF67541B95861F007E7A3C /* ImageEditView.m */ = {isa = PBXFileReference; fileEncoding = 4; lastKnownFileType = sourcecode.c.objc; path = ImageEditView.m; sourceTree = "<group>"; };
/* End PBXFileReference section */

/* Begin PBXFrameworksBuildPhase section */
		541382741B86E07600478FE6 /* Frameworks */ = {
			isa = PBXFrameworksBuildPhase;
			buildActionMask = 2147483647;
			files = (
				5467C2641B96EBA300B0FB6F /* CoreMotion.framework in Frameworks */,
				54D816E41B8B28C10002061D /* opencv2.framework in Frameworks */,
				54D816DC1B8B220E0002061D /* Foundation.framework in Frameworks */,
				541382A41B870A4D00478FE6 /* UIKit.framework in Frameworks */,
			);
			runOnlyForDeploymentPostprocessing = 0;
		};
		5413828D1B86E07600478FE6 /* Frameworks */ = {
			isa = PBXFrameworksBuildPhase;
			buildActionMask = 2147483647;
			files = (
			);
			runOnlyForDeploymentPostprocessing = 0;
		};
/* End PBXFrameworksBuildPhase section */

/* Begin PBXGroup section */
		5413826E1B86E07600478FE6 = {
			isa = PBXGroup;
			children = (
				54318C761BA019FB00A16E21 /* RotateCutImageViewController.h */,
				54318C771BA019FB00A16E21 /* RotateCutImageViewController.m */,
				54EF67531B95861F007E7A3C /* ImageEditView.h */,
				54EF67541B95861F007E7A3C /* ImageEditView.m */,
				54EF674A1B947723007E7A3C /* DrawView.h */,
				54EF674B1B947723007E7A3C /* DrawView.m */,
				541382A11B870A1300478FE6 /* Framework */,
				541382A01B87079900478FE6 /* openCVSource */,
				541382791B86E07600478FE6 /* cutImageIOS */,
				541382931B86E07600478FE6 /* cutImageIOSTests */,
				541382781B86E07600478FE6 /* Products */,
			);
			sourceTree = "<group>";
		};
		541382781B86E07600478FE6 /* Products */ = {
			isa = PBXGroup;
			children = (
				541382771B86E07600478FE6 /* cutImageIOS.app */,
				541382901B86E07600478FE6 /* cutImageIOSTests.xctest */,
			);
			name = Products;
			sourceTree = "<group>";
		};
		541382791B86E07600478FE6 /* cutImageIOS */ = {
			isa = PBXGroup;
			children = (
				54EF67471B947641007E7A3C /* DrawViewModel.h */,
				54EF67481B947641007E7A3C /* DrawViewModel.m */,
				545346701B8D5ADC00F86C35 /* UIImage+IF.h */,
				545346711B8D5ADC00F86C35 /* UIImage+IF.m */,
				5413827E1B86E07600478FE6 /* AppDelegate.h */,
				5413827F1B86E07600478FE6 /* AppDelegate.m */,
				541382811B86E07600478FE6 /* ViewController.h */,
				541382821B86E07600478FE6 /* ViewController.m */,
				541382841B86E07600478FE6 /* Main.storyboard */,
				541382871B86E07600478FE6 /* Images.xcassets */,
				541382891B86E07600478FE6 /* LaunchScreen.xib */,
				5413827A1B86E07600478FE6 /* Supporting Files */,
			);
			path = cutImageIOS;
			sourceTree = "<group>";
		};
		5413827A1B86E07600478FE6 /* Supporting Files */ = {
			isa = PBXGroup;
			children = (
				5413827B1B86E07600478FE6 /* Info.plist */,
				5413827C1B86E07600478FE6 /* main.m */,
			);
			name = "Supporting Files";
			sourceTree = "<group>";
		};
		541382931B86E07600478FE6 /* cutImageIOSTests */ = {
			isa = PBXGroup;
			children = (
				541382961B86E07600478FE6 /* cutImageIOSTests.m */,
				541382941B86E07600478FE6 /* Supporting Files */,
			);
			path = cutImageIOSTests;
			sourceTree = "<group>";
		};
		541382941B86E07600478FE6 /* Supporting Files */ = {
			isa = PBXGroup;
			children = (
				541382951B86E07600478FE6 /* Info.plist */,
			);
			name = "Supporting Files";
			sourceTree = "<group>";
		};
		541382A01B87079900478FE6 /* openCVSource */ = {
			isa = PBXGroup;
			children = (
				54D816EA1B8C777C0002061D /* CutoutImagePacking.cpp */,
				54D816EB1B8C777C0002061D /* CutoutImagePacking.h */,
				54D816D71B8B18F40002061D /* CutoutImage.cpp */,
				54D816D81B8B18F40002061D /* CutoutImage.h */,
				54D816DD1B8B254E0002061D /* Bridge2OpenCV.h */,
				54D816DE1B8B254E0002061D /* Bridge2OpenCV.mm */,
				54318C731B9D7AF400A16E21 /* CloverGrabCut.cpp */,
				54318C741B9D7AF400A16E21 /* CloverGrabCut.h */,
			);
			name = openCVSource;
			sourceTree = "<group>";
		};
		541382A11B870A1300478FE6 /* Framework */ = {
			isa = PBXGroup;
			children = (
				5467C2621B96EB9000B0FB6F /* CoreMotion.framework */,
				54D816E31B8B28C10002061D /* opencv2.framework */,
				54D816DA1B8B22010002061D /* Foundation.framework */,
				541382A21B870A2D00478FE6 /* UIKit.framework */,
			);
			name = Framework;
			sourceTree = "<group>";
		};
/* End PBXGroup section */

/* Begin PBXNativeTarget section */
		541382761B86E07600478FE6 /* cutImageIOS */ = {
			isa = PBXNativeTarget;
			buildConfigurationList = 5413829A1B86E07600478FE6 /* Build configuration list for PBXNativeTarget "cutImageIOS" */;
			buildPhases = (
				541382731B86E07600478FE6 /* Sources */,
				541382741B86E07600478FE6 /* Frameworks */,
				541382751B86E07600478FE6 /* Resources */,
				54D816E21B8B257D0002061D /* Embed Frameworks */,
			);
			buildRules = (
			);
			dependencies = (
			);
			name = cutImageIOS;
			productName = cutImageIOS;
			productReference = 541382771B86E07600478FE6 /* cutImageIOS.app */;
			productType = "com.apple.product-type.application";
		};
		5413828F1B86E07600478FE6 /* cutImageIOSTests */ = {
			isa = PBXNativeTarget;
			buildConfigurationList = 5413829D1B86E07600478FE6 /* Build configuration list for PBXNativeTarget "cutImageIOSTests" */;
			buildPhases = (
				5413828C1B86E07600478FE6 /* Sources */,
				5413828D1B86E07600478FE6 /* Frameworks */,
				5413828E1B86E07600478FE6 /* Resources */,
			);
			buildRules = (
			);
			dependencies = (
				541382921B86E07600478FE6 /* PBXTargetDependency */,
			);
			name = cutImageIOSTests;
			productName = cutImageIOSTests;
			productReference = 541382901B86E07600478FE6 /* cutImageIOSTests.xctest */;
			productType = "com.apple.product-type.bundle.unit-test";
		};
/* End PBXNativeTarget section */

/* Begin PBXProject section */
		5413826F1B86E07600478FE6 /* Project object */ = {
			isa = PBXProject;
			attributes = {
				LastUpgradeCheck = 0640;
				ORGANIZATIONNAME = quxiu8;
				TargetAttributes = {
					541382761B86E07600478FE6 = {
						CreatedOnToolsVersion = 6.4;
					};
					5413828F1B86E07600478FE6 = {
						CreatedOnToolsVersion = 6.4;
						TestTargetID = 541382761B86E07600478FE6;
					};
				};
			};
			buildConfigurationList = 541382721B86E07600478FE6 /* Build configuration list for PBXProject "cutImageIOS" */;
			compatibilityVersion = "Xcode 3.2";
			developmentRegion = English;
			hasScannedForEncodings = 0;
			knownRegions = (
				en,
				Base,
			);
			mainGroup = 5413826E1B86E07600478FE6;
			productRefGroup = 541382781B86E07600478FE6 /* Products */;
			projectDirPath = "";
			projectRoot = "";
			targets = (
				541382761B86E07600478FE6 /* cutImageIOS */,
				5413828F1B86E07600478FE6 /* cutImageIOSTests */,
			);
		};
/* End PBXProject section */

/* Begin PBXResourcesBuildPhase section */
		541382751B86E07600478FE6 /* Resources */ = {
			isa = PBXResourcesBuildPhase;
			buildActionMask = 2147483647;
			files = (
				54D816E51B8B2DF00002061D /* Main.storyboard in Resources */,
				54D816E61B8B2DF00002061D /* LaunchScreen.xib in Resources */,
				541382881B86E07600478FE6 /* Images.xcassets in Resources */,
			);
			runOnlyForDeploymentPostprocessing = 0;
		};
		5413828E1B86E07600478FE6 /* Resources */ = {
			isa = PBXResourcesBuildPhase;
			buildActionMask = 2147483647;
			files = (
			);
			runOnlyForDeploymentPostprocessing = 0;
		};
/* End PBXResourcesBuildPhase section */

/* Begin PBXSourcesBuildPhase section */
		541382731B86E07600478FE6 /* Sources */ = {
			isa = PBXSourcesBuildPhase;
			buildActionMask = 2147483647;
			files = (
				541382831B86E07600478FE6 /* ViewController.m in Sources */,
				54D816DF1B8B254E0002061D /* Bridge2OpenCV.mm in Sources */,
				54EF67491B947641007E7A3C /* DrawViewModel.m in Sources */,
				54318C751B9D7AF400A16E21 /* CloverGrabCut.cpp in Sources */,
				54EF674C1B947723007E7A3C /* DrawView.m in Sources */,
				54EF67551B95861F007E7A3C /* ImageEditView.m in Sources */,
				54318C781BA019FB00A16E21 /* RotateCutImageViewController.m in Sources */,
				545346721B8D5ADC00F86C35 /* UIImage+IF.m in Sources */,
				541382801B86E07600478FE6 /* AppDelegate.m in Sources */,
				54D816EC1B8C777C0002061D /* CutoutImagePacking.cpp in Sources */,
				5413827D1B86E07600478FE6 /* main.m in Sources */,
				54D816D91B8B18F40002061D /* CutoutImage.cpp in Sources */,
			);
			runOnlyForDeploymentPostprocessing = 0;
		};
		5413828C1B86E07600478FE6 /* Sources */ = {
			isa = PBXSourcesBuildPhase;
			buildActionMask = 2147483647;
			files = (
				541382971B86E07600478FE6 /* cutImageIOSTests.m in Sources */,
			);
			runOnlyForDeploymentPostprocessing = 0;
		};
/* End PBXSourcesBuildPhase section */

/* Begin PBXTargetDependency section */
		541382921B86E07600478FE6 /* PBXTargetDependency */ = {
			isa = PBXTargetDependency;
			target = 541382761B86E07600478FE6 /* cutImageIOS */;
			targetProxy = 541382911B86E07600478FE6 /* PBXContainerItemProxy */;
		};
/* End PBXTargetDependency section */

/* Begin PBXVariantGroup section */
		541382841B86E07600478FE6 /* Main.storyboard */ = {
			isa = PBXVariantGroup;
			children = (
				541382851B86E07600478FE6 /* Base */,
			);
			name = Main.storyboard;
			sourceTree = "<group>";
		};
		541382891B86E07600478FE6 /* LaunchScreen.xib */ = {
			isa = PBXVariantGroup;
			children = (
				5413828A1B86E07600478FE6 /* Base */,
			);
			name = LaunchScreen.xib;
			sourceTree = "<group>";
		};
/* End PBXVariantGroup section */

/* Begin XCBuildConfiguration section */
		541382981B86E07600478FE6 /* Debug */ = {
			isa = XCBuildConfiguration;
			buildSettings = {
				ALWAYS_SEARCH_USER_PATHS = NO;
				CLANG_CXX_LANGUAGE_STANDARD = "gnu++0x";
				CLANG_CXX_LIBRARY = "libc++";
				CLANG_ENABLE_MODULES = YES;
				CLANG_ENABLE_OBJC_ARC = YES;
				CLANG_WARN_BOOL_CONVERSION = YES;
				CLANG_WARN_CONSTANT_CONVERSION = YES;
				CLANG_WARN_DIRECT_OBJC_ISA_USAGE = YES_ERROR;
				CLANG_WARN_EMPTY_BODY = YES;
				CLANG_WARN_ENUM_CONVERSION = YES;
				CLANG_WARN_INT_CONVERSION = YES;
				CLANG_WARN_OBJC_ROOT_CLASS = YES_ERROR;
				CLANG_WARN_UNREACHABLE_CODE = YES;
				CLANG_WARN__DUPLICATE_METHOD_MATCH = YES;
				"CODE_SIGN_IDENTITY[sdk=iphoneos*]" = "iPhone Developer";
				COPY_PHASE_STRIP = NO;
				DEBUG_INFORMATION_FORMAT = "dwarf-with-dsym";
				ENABLE_STRICT_OBJC_MSGSEND = YES;
				GCC_C_LANGUAGE_STANDARD = gnu99;
				GCC_DYNAMIC_NO_PIC = NO;
				GCC_NO_COMMON_BLOCKS = YES;
				GCC_OPTIMIZATION_LEVEL = 0;
				GCC_PREPROCESSOR_DEFINITIONS = (
					"DEBUG=1",
					"$(inherited)",
				);
				GCC_SYMBOLS_PRIVATE_EXTERN = NO;
				GCC_WARN_64_TO_32_BIT_CONVERSION = YES;
				GCC_WARN_ABOUT_RETURN_TYPE = YES_ERROR;
				GCC_WARN_UNDECLARED_SELECTOR = YES;
				GCC_WARN_UNINITIALIZED_AUTOS = YES_AGGRESSIVE;
				GCC_WARN_UNUSED_FUNCTION = YES;
				GCC_WARN_UNUSED_VARIABLE = YES;
				IPHONEOS_DEPLOYMENT_TARGET = 8.4;
				MTL_ENABLE_DEBUG_INFO = YES;
				ONLY_ACTIVE_ARCH = YES;
				SDKROOT = iphoneos;
				TARGETED_DEVICE_FAMILY = "1,2";
			};
			name = Debug;
		};
		541382991B86E07600478FE6 /* Release */ = {
			isa = XCBuildConfiguration;
			buildSettings = {
				ALWAYS_SEARCH_USER_PATHS = NO;
				CLANG_CXX_LANGUAGE_STANDARD = "gnu++0x";
				CLANG_CXX_LIBRARY = "libc++";
				CLANG_ENABLE_MODULES = YES;
				CLANG_ENABLE_OBJC_ARC = YES;
				CLANG_WARN_BOOL_CONVERSION = YES;
				CLANG_WARN_CONSTANT_CONVERSION = YES;
				CLANG_WARN_DIRECT_OBJC_ISA_USAGE = YES_ERROR;
				CLANG_WARN_EMPTY_BODY = YES;
				CLANG_WARN_ENUM_CONVERSION = YES;
				CLANG_WARN_INT_CONVERSION = YES;
				CLANG_WARN_OBJC_ROOT_CLASS = YES_ERROR;
				CLANG_WARN_UNREACHABLE_CODE = YES;
				CLANG_WARN__DUPLICATE_METHOD_MATCH = YES;
				"CODE_SIGN_IDENTITY[sdk=iphoneos*]" = "iPhone Developer";
				COPY_PHASE_STRIP = NO;
				DEBUG_INFORMATION_FORMAT = "dwarf-with-dsym";
				ENABLE_NS_ASSERTIONS = NO;
				ENABLE_STRICT_OBJC_MSGSEND = YES;
				GCC_C_LANGUAGE_STANDARD = gnu99;
				GCC_NO_COMMON_BLOCKS = YES;
				GCC_WARN_64_TO_32_BIT_CONVERSION = YES;
				GCC_WARN_ABOUT_RETURN_TYPE = YES_ERROR;
				GCC_WARN_UNDECLARED_SELECTOR = YES;
				GCC_WARN_UNINITIALIZED_AUTOS = YES_AGGRESSIVE;
				GCC_WARN_UNUSED_FUNCTION = YES;
				GCC_WARN_UNUSED_VARIABLE = YES;
				IPHONEOS_DEPLOYMENT_TARGET = 8.4;
				MTL_ENABLE_DEBUG_INFO = NO;
				SDKROOT = iphoneos;
				TARGETED_DEVICE_FAMILY = "1,2";
				VALIDATE_PRODUCT = YES;
			};
			name = Release;
		};
		5413829B1B86E07600478FE6 /* Debug */ = {
			isa = XCBuildConfiguration;
			buildSettings = {
				ASSETCATALOG_COMPILER_APPICON_NAME = AppIcon;
				CODE_SIGN_IDENTITY = "iPhone Developer";
				"CODE_SIGN_IDENTITY[sdk=iphoneos*]" = "iPhone Developer";
				ENABLE_BITCODE = NO;
				FRAMEWORK_SEARCH_PATHS = (
					"$(inherited)",
					/Users/vk/workspace/tools/opeccv2.4.9IOS,
					"$(PROJECT_DIR)",
				);
				INFOPLIST_FILE = cutImageIOS/Info.plist;
				IPHONEOS_DEPLOYMENT_TARGET = 8.2;
				LD_RUNPATH_SEARCH_PATHS = "$(inherited) @executable_path/Frameworks";
				OTHER_CODE_SIGN_FLAGS = "";
				PRODUCT_NAME = "$(TARGET_NAME)";
			};
			name = Debug;
		};
		5413829C1B86E07600478FE6 /* Release */ = {
			isa = XCBuildConfiguration;
			buildSettings = {
				ASSETCATALOG_COMPILER_APPICON_NAME = AppIcon;
				CODE_SIGN_IDENTITY = "iPhone Developer";
				"CODE_SIGN_IDENTITY[sdk=iphoneos*]" = "iPhone Developer";
				ENABLE_BITCODE = NO;
				FRAMEWORK_SEARCH_PATHS = (
					"$(inherited)",
					/Users/vk/workspace/tools/opeccv2.4.9IOS,
					"$(PROJECT_DIR)",
				);
				INFOPLIST_FILE = cutImageIOS/Info.plist;
				IPHONEOS_DEPLOYMENT_TARGET = 8.2;
				LD_RUNPATH_SEARCH_PATHS = "$(inherited) @executable_path/Frameworks";
				OTHER_CODE_SIGN_FLAGS = "";
				PRODUCT_NAME = "$(TARGET_NAME)";
			};
			name = Release;
		};
		5413829E1B86E07600478FE6 /* Debug */ = {
			isa = XCBuildConfiguration;
			buildSettings = {
				BUNDLE_LOADER = "$(TEST_HOST)";
				FRAMEWORK_SEARCH_PATHS = (
					"$(SDKROOT)/Developer/Library/Frameworks",
					"$(inherited)",
				);
				GCC_PREPROCESSOR_DEFINITIONS = (
					"DEBUG=1",
					"$(inherited)",
				);
				INFOPLIST_FILE = cutImageIOSTests/Info.plist;
				LD_RUNPATH_SEARCH_PATHS = "$(inherited) @executable_path/Frameworks @loader_path/Frameworks";
				PRODUCT_NAME = "$(TARGET_NAME)";
				TEST_HOST = "$(BUILT_PRODUCTS_DIR)/cutImageIOS.app/cutImageIOS";
			};
			name = Debug;
		};
		5413829F1B86E07600478FE6 /* Release */ = {
			isa = XCBuildConfiguration;
			buildSettings = {
				BUNDLE_LOADER = "$(TEST_HOST)";
				FRAMEWORK_SEARCH_PATHS = (
					"$(SDKROOT)/Developer/Library/Frameworks",
					"$(inherited)",
				);
				INFOPLIST_FILE = cutImageIOSTests/Info.plist;
				LD_RUNPATH_SEARCH_PATHS = "$(inherited) @executable_path/Frameworks @loader_path/Frameworks";
				PRODUCT_NAME = "$(TARGET_NAME)";
				TEST_HOST = "$(BUILT_PRODUCTS_DIR)/cutImageIOS.app/cutImageIOS";
			};
			name = Release;
		};
/* End XCBuildConfiguration section */

/* Begin XCConfigurationList section */
		541382721B86E07600478FE6 /* Build configuration list for PBXProject "cutImageIOS" */ = {
			isa = XCConfigurationList;
			buildConfigurations = (
				541382981B86E07600478FE6 /* Debug */,
				541382991B86E07600478FE6 /* Release */,
			);
			defaultConfigurationIsVisible = 0;
			defaultConfigurationName = Release;
		};
		5413829A1B86E07600478FE6 /* Build configuration list for PBXNativeTarget "cutImageIOS" */ = {
			isa = XCConfigurationList;
			buildConfigurations = (
				5413829B1B86E07600478FE6 /* Debug */,
				5413829C1B86E07600478FE6 /* Release */,
			);
			defaultConfigurationIsVisible = 0;
			defaultConfigurationName = Release;
		};
		5413829D1B86E07600478FE6 /* Build configuration list for PBXNativeTarget "cutImageIOSTests" */ = {
			isa = XCConfigurationList;
			buildConfigurations = (
				5413829E1B86E07600478FE6 /* Debug */,
				5413829F1B86E07600478FE6 /* Release */,
			);
			defaultConfigurationIsVisible = 0;
			defaultConfigurationName = Release;
		};
/* End XCConfigurationList section */
	};
	rootObject = 5413826F1B86E07600478FE6 /* Project object */;
}
